
Microsoft Visual Studio Solution File, Format Version 12.00
# Visual Studio Version 16
VisualStudioVersion = 16.0.31702.278
MinimumVisualStudioVersion = 10.0.40219.1
Project("{9A19103F-16F7-4668-BE54-9A1E7A4F7556}") = "Guia De Estudos", "Guia De Estudos\Guia De Estudos.csproj", "{7931CE40-A557-4666-ABA0-03D7065B3368}"
EndProject
Project("{9A19103F-16F7-4668-BE54-9A1E7A4F7556}") = "Temas", "..\temas\Temas.csproj", "{91322148-87D9-4EF8-A851-4CADBB196A43}"
EndProject
Global
	GlobalSection(SolutionConfigurationPlatforms) = preSolution
		Debug|Any CPU = Debug|Any CPU
		Release|Any CPU = Release|Any CPU
	EndGlobalSection
	GlobalSection(ProjectConfigurationPlatforms) = postSolution
		{7931CE40-A557-4666-ABA0-03D7065B3368}.Debug|Any CPU.ActiveCfg = Debug|Any CPU
		{7931CE40-A557-4666-ABA0-03D7065B3368}.Debug|Any CPU.Build.0 = Debug|Any CPU
		{7931CE40-A557-4666-ABA0-03D7065B3368}.Release|Any CPU.ActiveCfg = Release|Any CPU
		{7931CE40-A557-4666-ABA0-03D7065B3368}.Release|Any CPU.Build.0 = Release|Any CPU
		{91322148-87D9-4EF8-A851-4CADBB196A43}.Debug|Any CPU.ActiveCfg = Debug|Any CPU
		{91322148-87D9-4EF8-A851-4CADBB196A43}.Debug|Any CPU.Build.0 = Debug|Any CPU
		{91322148-87D9-4EF8-A851-4CADBB196A43}.Release|Any CPU.ActiveCfg = Release|Any CPU
		{91322148-87D9-4EF8-A851-4CADBB196A43}.Release|Any CPU.Build.0 = Release|Any CPU
	EndGlobalSection
	GlobalSection(SolutionProperties) = preSolution
		HideSolutionNode = FALSE
	EndGlobalSection
	GlobalSection(ExtensibilityGlobals) = postSolution
		SolutionGuid = {F2870642-5209-43A4-8277-3F7B11E090F3}
	EndGlobalSection
EndGlobal
